
Microsoft Visual Studio Solution File, Format Version 12.00
# Visual Studio Version 16
VisualStudioVersion = 16.0.32228.343
MinimumVisualStudioVersion = 10.0.40219.1
Project("{FAE04EC0-301F-11D3-BF4B-00C04F79EFBC}") = "SchoolEntities", "SchoolEntities\SchoolEntities.csproj", "{18CB244D-7A79-42A0-AF64-D42F5D277AD4}"
EndProject
Project("{FAE04EC0-301F-11D3-BF4B-00C04F79EFBC}") = "SchoolDAL", "SchoolDAL\SchoolDAL.csproj", "{CF9915CE-A6C7-469E-B7E5-EF4520AE90EE}"
EndProject
Project("{FAE04EC0-301F-11D3-BF4B-00C04F79EFBC}") = "SchoolBLL", "SchoolBLL\SchoolBLL.csproj", "{34A3D22A-58DF-438F-A305-ADA5E2D84888}"
EndProject
Project("{FAE04EC0-301F-11D3-BF4B-00C04F79EFBC}") = "SchoolWEBB", "SchoolWEBB\SchoolWEBB.csproj", "{8DE76D0C-C93C-4198-9019-982851615C01}"
EndProject
Global
	GlobalSection(SolutionConfigurationPlatforms) = preSolution
		Debug|Any CPU = Debug|Any CPU
		Release|Any CPU = Release|Any CPU
	EndGlobalSection
	GlobalSection(ProjectConfigurationPlatforms) = postSolution
		{18CB244D-7A79-42A0-AF64-D42F5D277AD4}.Debug|Any CPU.ActiveCfg = Debug|Any CPU
		{18CB244D-7A79-42A0-AF64-D42F5D277AD4}.Debug|Any CPU.Build.0 = Debug|Any CPU
		{18CB244D-7A79-42A0-AF64-D42F5D277AD4}.Release|Any CPU.ActiveCfg = Release|Any CPU
		{18CB244D-7A79-42A0-AF64-D42F5D277AD4}.Release|Any CPU.Build.0 = Release|Any CPU
		{CF9915CE-A6C7-469E-B7E5-EF4520AE90EE}.Debug|Any CPU.ActiveCfg = Debug|Any CPU
		{CF9915CE-A6C7-469E-B7E5-EF4520AE90EE}.Debug|Any CPU.Build.0 = Debug|Any CPU
		{CF9915CE-A6C7-469E-B7E5-EF4520AE90EE}.Release|Any CPU.ActiveCfg = Release|Any CPU
		{CF9915CE-A6C7-469E-B7E5-EF4520AE90EE}.Release|Any CPU.Build.0 = Release|Any CPU
		{34A3D22A-58DF-438F-A305-ADA5E2D84888}.Debug|Any CPU.ActiveCfg = Debug|Any CPU
		{34A3D22A-58DF-438F-A305-ADA5E2D84888}.Debug|Any CPU.Build.0 = Debug|Any CPU
		{34A3D22A-58DF-438F-A305-ADA5E2D84888}.Release|Any CPU.ActiveCfg = Release|Any CPU
		{34A3D22A-58DF-438F-A305-ADA5E2D84888}.Release|Any CPU.Build.0 = Release|Any CPU
		{8DE76D0C-C93C-4198-9019-982851615C01}.Debug|Any CPU.ActiveCfg = Debug|Any CPU
		{8DE76D0C-C93C-4198-9019-982851615C01}.Debug|Any CPU.Build.0 = Debug|Any CPU
		{8DE76D0C-C93C-4198-9019-982851615C01}.Release|Any CPU.ActiveCfg = Release|Any CPU
		{8DE76D0C-C93C-4198-9019-982851615C01}.Release|Any CPU.Build.0 = Release|Any CPU
	EndGlobalSection
	GlobalSection(SolutionProperties) = preSolution
		HideSolutionNode = FALSE
	EndGlobalSection
	GlobalSection(ExtensibilityGlobals) = postSolution
		SolutionGuid = {E4C46E02-2D20-496D-99DA-5616724EF6BD}
	EndGlobalSection
EndGlobal
