
Microsoft Visual Studio Solution File, Format Version 12.00
# Visual Studio Version 16
VisualStudioVersion = 16.0.32228.343
MinimumVisualStudioVersion = 10.0.40219.1
Project("{FAE04EC0-301F-11D3-BF4B-00C04F79EFBC}") = "Lab11-A", "Lab11-A.csproj", "{397FFB5B-91B1-48C9-A606-BA0E4F70F17B}"
EndProject
Global
	GlobalSection(SolutionConfigurationPlatforms) = preSolution
		Debug|Any CPU = Debug|Any CPU
		Release|Any CPU = Release|Any CPU
	EndGlobalSection
	GlobalSection(ProjectConfigurationPlatforms) = postSolution
		{397FFB5B-91B1-48C9-A606-BA0E4F70F17B}.Debug|Any CPU.ActiveCfg = Debug|Any CPU
		{397FFB5B-91B1-48C9-A606-BA0E4F70F17B}.Debug|Any CPU.Build.0 = Debug|Any CPU
		{397FFB5B-91B1-48C9-A606-BA0E4F70F17B}.Release|Any CPU.ActiveCfg = Release|Any CPU
		{397FFB5B-91B1-48C9-A606-BA0E4F70F17B}.Release|Any CPU.Build.0 = Release|Any CPU
	EndGlobalSection
	GlobalSection(SolutionProperties) = preSolution
		HideSolutionNode = FALSE
	EndGlobalSection
	GlobalSection(ExtensibilityGlobals) = postSolution
		SolutionGuid = {E68D28EE-812F-4CC6-9E9A-8910D1AF9638}
	EndGlobalSection
EndGlobal
