
Microsoft Visual Studio Solution File, Format Version 12.00
# Visual Studio Version 16
VisualStudioVersion = 16.0.32228.343
MinimumVisualStudioVersion = 10.0.40219.1
Project("{FAE04EC0-301F-11D3-BF4B-00C04F79EFBC}") = "Lab13", "Lab13.csproj", "{2531EDE3-1291-4666-BB82-79CCE688B617}"
EndProject
Global
	GlobalSection(SolutionConfigurationPlatforms) = preSolution
		Debug|Any CPU = Debug|Any CPU
		Release|Any CPU = Release|Any CPU
	EndGlobalSection
	GlobalSection(ProjectConfigurationPlatforms) = postSolution
		{2531EDE3-1291-4666-BB82-79CCE688B617}.Debug|Any CPU.ActiveCfg = Debug|Any CPU
		{2531EDE3-1291-4666-BB82-79CCE688B617}.Debug|Any CPU.Build.0 = Debug|Any CPU
		{2531EDE3-1291-4666-BB82-79CCE688B617}.Release|Any CPU.ActiveCfg = Release|Any CPU
		{2531EDE3-1291-4666-BB82-79CCE688B617}.Release|Any CPU.Build.0 = Release|Any CPU
	EndGlobalSection
	GlobalSection(SolutionProperties) = preSolution
		HideSolutionNode = FALSE
	EndGlobalSection
	GlobalSection(ExtensibilityGlobals) = postSolution
		SolutionGuid = {8AEFD77B-24AE-40CF-B114-41F0AD2B0316}
	EndGlobalSection
EndGlobal
